
Microsoft Visual Studio Solution File, Format Version 12.00
# Visual Studio Version 18
VisualStudioVersion = 18.4.11626.88
MinimumVisualStudioVersion = 10.0.40219.1
Project("{FAE04EC0-301F-11D3-BF4B-00C04F79EFBC}") = "Aneiang.Yarp.Dashboard", "src\Aneiang.Yarp.Dashboard\Aneiang.Yarp.Dashboard.csproj", "{27DF9A79-7032-3600-016B-A3CF77739CC4}"
EndProject
Project("{FAE04EC0-301F-11D3-BF4B-00C04F79EFBC}") = "Aneiang.Yarp", "src\Aneiang.Yarp\Aneiang.Yarp.csproj", "{A1B2C3D4-5678-90AB-CDEF-1234567890AB}"
EndProject
Project("{FAE04EC0-301F-11D3-BF4B-00C04F79EFBC}") = "Aneiang.Yarp.Client", "src\Aneiang.Yarp.Client\Aneiang.Yarp.Client.csproj", "{B2C3D4E5-6789-0ABC-DEF1-234567890ABC}"
EndProject
Project("{FAE04EC0-301F-11D3-BF4B-00C04F79EFBC}") = "SampleGateway", "samples\SampleGateway\SampleGateway.csproj", "{E5F6A7B8-C9D0-1234-5678-90ABCDEF1234}"
EndProject
Project("{FAE04EC0-301F-11D3-BF4B-00C04F79EFBC}") = "SampleLocalService", "samples\SampleLocalService\SampleLocalService.csproj", "{D7E8F9A0-B1C2-3456-7890-ABCDEF123456}"
EndProject
Project("{FAE04EC0-301F-11D3-BF4B-00C04F79EFBC}") = "Aneiang.Yarp.Grpc", "src\Aneiang.Yarp.Grpc\Aneiang.Yarp.Grpc.csproj", "{F1E2D3C4-5678-9012-3456-7890ABCDEF12}"
EndProject
Project("{2150E333-8FDC-42A3-9474-1A3956D46DE8}") = "src", "src", "{9B6CB266-A584-4BF6-A116-ECC6DACC8228}"
EndProject
Project("{2150E333-8FDC-42A3-9474-1A3956D46DE8}") = "samples", "samples", "{AB1B021E-18FC-421C-A60B-BC2A27ECEC36}"
EndProject
Project("{FAE04EC0-301F-11D3-BF4B-00C04F79EFBC}") = "Aneiang.Yarp.Storage.Abstractions", "src\Aneiang.Yarp.Storage.Abstractions\Aneiang.Yarp.Storage.Abstractions.csproj", "{5A6A639A-5988-4DF5-B05B-873E6FC4F7B1}"
EndProject
Project("{FAE04EC0-301F-11D3-BF4B-00C04F79EFBC}") = "Aneiang.Yarp.Storage.Sqlite", "src\Aneiang.Yarp.Storage.Sqlite\Aneiang.Yarp.Storage.Sqlite.csproj", "{6E88F783-CC7F-47C5-AFAB-FD29DA8F9127}"
EndProject
Project("{FAE04EC0-301F-11D3-BF4B-00C04F79EFBC}") = "Industrial.Gateway.Host", "src\Industrial.Gateway.Host\Industrial.Gateway.Host.csproj", "{404BA77B-CEA6-4E87-9D97-1D4CDADECE8F}"
EndProject
Global
	GlobalSection(SolutionConfigurationPlatforms) = preSolution
		Debug|Any CPU = Debug|Any CPU
		Debug|x64 = Debug|x64
		Debug|x86 = Debug|x86
		Release|Any CPU = Release|Any CPU
		Release|x64 = Release|x64
		Release|x86 = Release|x86
	EndGlobalSection
	GlobalSection(ProjectConfigurationPlatforms) = postSolution
		{27DF9A79-7032-3600-016B-A3CF77739CC4}.Debug|Any CPU.ActiveCfg = Debug|Any CPU
		{27DF9A79-7032-3600-016B-A3CF77739CC4}.Debug|Any CPU.Build.0 = Debug|Any CPU
		{27DF9A79-7032-3600-016B-A3CF77739CC4}.Debug|x64.ActiveCfg = Debug|Any CPU
		{27DF9A79-7032-3600-016B-A3CF77739CC4}.Debug|x64.Build.0 = Debug|Any CPU
		{27DF9A79-7032-3600-016B-A3CF77739CC4}.Debug|x86.ActiveCfg = Debug|Any CPU
		{27DF9A79-7032-3600-016B-A3CF77739CC4}.Debug|x86.Build.0 = Debug|Any CPU
		{27DF9A79-7032-3600-016B-A3CF77739CC4}.Release|Any CPU.ActiveCfg = Release|Any CPU
		{27DF9A79-7032-3600-016B-A3CF77739CC4}.Release|Any CPU.Build.0 = Release|Any CPU
		{27DF9A79-7032-3600-016B-A3CF77739CC4}.Release|x64.ActiveCfg = Release|Any CPU
		{27DF9A79-7032-3600-016B-A3CF77739CC4}.Release|x64.Build.0 = Release|Any CPU
		{27DF9A79-7032-3600-016B-A3CF77739CC4}.Release|x86.ActiveCfg = Release|Any CPU
		{27DF9A79-7032-3600-016B-A3CF77739CC4}.Release|x86.Build.0 = Release|Any CPU
		{A1B2C3D4-5678-90AB-CDEF-1234567890AB}.Debug|Any CPU.ActiveCfg = Debug|Any CPU
		{A1B2C3D4-5678-90AB-CDEF-1234567890AB}.Debug|Any CPU.Build.0 = Debug|Any CPU
		{A1B2C3D4-5678-90AB-CDEF-1234567890AB}.Debug|x64.ActiveCfg = Debug|Any CPU
		{A1B2C3D4-5678-90AB-CDEF-1234567890AB}.Debug|x64.Build.0 = Debug|Any CPU
		{A1B2C3D4-5678-90AB-CDEF-1234567890AB}.Debug|x86.ActiveCfg = Debug|Any CPU
		{A1B2C3D4-5678-90AB-CDEF-1234567890AB}.Debug|x86.Build.0 = Debug|Any CPU
		{A1B2C3D4-5678-90AB-CDEF-1234567890AB}.Release|Any CPU.ActiveCfg = Release|Any CPU
		{A1B2C3D4-5678-90AB-CDEF-1234567890AB}.Release|Any CPU.Build.0 = Release|Any CPU
		{A1B2C3D4-5678-90AB-CDEF-1234567890AB}.Release|x64.ActiveCfg = Release|Any CPU
		{A1B2C3D4-5678-90AB-CDEF-1234567890AB}.Release|x64.Build.0 = Release|Any CPU
		{A1B2C3D4-5678-90AB-CDEF-1234567890AB}.Release|x86.ActiveCfg = Release|Any CPU
		{A1B2C3D4-5678-90AB-CDEF-1234567890AB}.Release|x86.Build.0 = Release|Any CPU
		{B2C3D4E5-6789-0ABC-DEF1-234567890ABC}.Debug|Any CPU.ActiveCfg = Debug|Any CPU
		{B2C3D4E5-6789-0ABC-DEF1-234567890ABC}.Debug|Any CPU.Build.0 = Debug|Any CPU
		{B2C3D4E5-6789-0ABC-DEF1-234567890ABC}.Debug|x64.ActiveCfg = Debug|Any CPU
		{B2C3D4E5-6789-0ABC-DEF1-234567890ABC}.Debug|x64.Build.0 = Debug|Any CPU
		{B2C3D4E5-6789-0ABC-DEF1-234567890ABC}.Debug|x86.ActiveCfg = Debug|Any CPU
		{B2C3D4E5-6789-0ABC-DEF1-234567890ABC}.Debug|x86.Build.0 = Debug|Any CPU
		{B2C3D4E5-6789-0ABC-DEF1-234567890ABC}.Release|Any CPU.ActiveCfg = Release|Any CPU
		{B2C3D4E5-6789-0ABC-DEF1-234567890ABC}.Release|Any CPU.Build.0 = Release|Any CPU
		{B2C3D4E5-6789-0ABC-DEF1-234567890ABC}.Release|x64.ActiveCfg = Release|Any CPU
		{B2C3D4E5-6789-0ABC-DEF1-234567890ABC}.Release|x64.Build.0 = Release|Any CPU
		{B2C3D4E5-6789-0ABC-DEF1-234567890ABC}.Release|x86.ActiveCfg = Release|Any CPU
		{B2C3D4E5-6789-0ABC-DEF1-234567890ABC}.Release|x86.Build.0 = Release|Any CPU
		{E5F6A7B8-C9D0-1234-5678-90ABCDEF1234}.Debug|Any CPU.ActiveCfg = Debug|Any CPU
		{E5F6A7B8-C9D0-1234-5678-90ABCDEF1234}.Debug|Any CPU.Build.0 = Debug|Any CPU
		{E5F6A7B8-C9D0-1234-5678-90ABCDEF1234}.Debug|x64.ActiveCfg = Debug|Any CPU
		{E5F6A7B8-C9D0-1234-5678-90ABCDEF1234}.Debug|x64.Build.0 = Debug|Any CPU
		{E5F6A7B8-C9D0-1234-5678-90ABCDEF1234}.Debug|x86.ActiveCfg = Debug|Any CPU
		{E5F6A7B8-C9D0-1234-5678-90ABCDEF1234}.Debug|x86.Build.0 = Debug|Any CPU
		{E5F6A7B8-C9D0-1234-5678-90ABCDEF1234}.Release|Any CPU.ActiveCfg = Release|Any CPU
		{E5F6A7B8-C9D0-1234-5678-90ABCDEF1234}.Release|Any CPU.Build.0 = Release|Any CPU
		{E5F6A7B8-C9D0-1234-5678-90ABCDEF1234}.Release|x64.ActiveCfg = Release|Any CPU
		{E5F6A7B8-C9D0-1234-5678-90ABCDEF1234}.Release|x64.Build.0 = Release|Any CPU
		{E5F6A7B8-C9D0-1234-5678-90ABCDEF1234}.Release|x86.ActiveCfg = Release|Any CPU
		{E5F6A7B8-C9D0-1234-5678-90ABCDEF1234}.Release|x86.Build.0 = Release|Any CPU
		{D7E8F9A0-B1C2-3456-7890-ABCDEF123456}.Debug|Any CPU.ActiveCfg = Debug|Any CPU
		{D7E8F9A0-B1C2-3456-7890-ABCDEF123456}.Debug|Any CPU.Build.0 = Debug|Any CPU
		{D7E8F9A0-B1C2-3456-7890-ABCDEF123456}.Debug|x64.ActiveCfg = Debug|Any CPU
		{D7E8F9A0-B1C2-3456-7890-ABCDEF123456}.Debug|x64.Build.0 = Debug|Any CPU
		{D7E8F9A0-B1C2-3456-7890-ABCDEF123456}.Debug|x86.ActiveCfg = Debug|Any CPU
		{D7E8F9A0-B1C2-3456-7890-ABCDEF123456}.Debug|x86.Build.0 = Debug|Any CPU
		{D7E8F9A0-B1C2-3456-7890-ABCDEF123456}.Release|Any CPU.ActiveCfg = Release|Any CPU
		{D7E8F9A0-B1C2-3456-7890-ABCDEF123456}.Release|Any CPU.Build.0 = Release|Any CPU
		{D7E8F9A0-B1C2-3456-7890-ABCDEF123456}.Release|x64.ActiveCfg = Release|Any CPU
		{D7E8F9A0-B1C2-3456-7890-ABCDEF123456}.Release|x64.Build.0 = Release|Any CPU
		{D7E8F9A0-B1C2-3456-7890-ABCDEF123456}.Release|x86.ActiveCfg = Release|Any CPU
		{D7E8F9A0-B1C2-3456-7890-ABCDEF123456}.Release|x86.Build.0 = Release|Any CPU
		{F1E2D3C4-5678-9012-3456-7890ABCDEF12}.Debug|Any CPU.ActiveCfg = Debug|Any CPU
		{F1E2D3C4-5678-9012-3456-7890ABCDEF12}.Debug|Any CPU.Build.0 = Debug|Any CPU
		{F1E2D3C4-5678-9012-3456-7890ABCDEF12}.Debug|x64.ActiveCfg = Debug|Any CPU
		{F1E2D3C4-5678-9012-3456-7890ABCDEF12}.Debug|x64.Build.0 = Debug|Any CPU
		{F1E2D3C4-5678-9012-3456-7890ABCDEF12}.Debug|x86.ActiveCfg = Debug|Any CPU
		{F1E2D3C4-5678-9012-3456-7890ABCDEF12}.Debug|x86.Build.0 = Debug|Any CPU
		{F1E2D3C4-5678-9012-3456-7890ABCDEF12}.Release|Any CPU.ActiveCfg = Release|Any CPU
		{F1E2D3C4-5678-9012-3456-7890ABCDEF12}.Release|Any CPU.Build.0 = Release|Any CPU
		{F1E2D3C4-5678-9012-3456-7890ABCDEF12}.Release|x64.ActiveCfg = Release|Any CPU
		{F1E2D3C4-5678-9012-3456-7890ABCDEF12}.Release|x64.Build.0 = Release|Any CPU
		{F1E2D3C4-5678-9012-3456-7890ABCDEF12}.Release|x86.ActiveCfg = Release|Any CPU
		{F1E2D3C4-5678-9012-3456-7890ABCDEF12}.Release|x86.Build.0 = Release|Any CPU
		{5A6A639A-5988-4DF5-B05B-873E6FC4F7B1}.Debug|Any CPU.ActiveCfg = Debug|Any CPU
		{5A6A639A-5988-4DF5-B05B-873E6FC4F7B1}.Debug|Any CPU.Build.0 = Debug|Any CPU
		{5A6A639A-5988-4DF5-B05B-873E6FC4F7B1}.Debug|x64.ActiveCfg = Debug|Any CPU
		{5A6A639A-5988-4DF5-B05B-873E6FC4F7B1}.Debug|x64.Build.0 = Debug|Any CPU
		{5A6A639A-5988-4DF5-B05B-873E6FC4F7B1}.Debug|x86.ActiveCfg = Debug|Any CPU
		{5A6A639A-5988-4DF5-B05B-873E6FC4F7B1}.Debug|x86.Build.0 = Debug|Any CPU
		{5A6A639A-5988-4DF5-B05B-873E6FC4F7B1}.Release|Any CPU.ActiveCfg = Release|Any CPU
		{5A6A639A-5988-4DF5-B05B-873E6FC4F7B1}.Release|Any CPU.Build.0 = Release|Any CPU
		{5A6A639A-5988-4DF5-B05B-873E6FC4F7B1}.Release|x64.ActiveCfg = Release|Any CPU
		{5A6A639A-5988-4DF5-B05B-873E6FC4F7B1}.Release|x64.Build.0 = Release|Any CPU
		{5A6A639A-5988-4DF5-B05B-873E6FC4F7B1}.Release|x86.ActiveCfg = Release|Any CPU
		{5A6A639A-5988-4DF5-B05B-873E6FC4F7B1}.Release|x86.Build.0 = Release|Any CPU
		{6E88F783-CC7F-47C5-AFAB-FD29DA8F9127}.Debug|Any CPU.ActiveCfg = Debug|Any CPU
		{6E88F783-CC7F-47C5-AFAB-FD29DA8F9127}.Debug|Any CPU.Build.0 = Debug|Any CPU
		{6E88F783-CC7F-47C5-AFAB-FD29DA8F9127}.Debug|x64.ActiveCfg = Debug|Any CPU
		{6E88F783-CC7F-47C5-AFAB-FD29DA8F9127}.Debug|x64.Build.0 = Debug|Any CPU
		{6E88F783-CC7F-47C5-AFAB-FD29DA8F9127}.Debug|x86.ActiveCfg = Debug|Any CPU
		{6E88F783-CC7F-47C5-AFAB-FD29DA8F9127}.Debug|x86.Build.0 = Debug|Any CPU
		{6E88F783-CC7F-47C5-AFAB-FD29DA8F9127}.Release|Any CPU.ActiveCfg = Release|Any CPU
		{6E88F783-CC7F-47C5-AFAB-FD29DA8F9127}.Release|Any CPU.Build.0 = Release|Any CPU
		{6E88F783-CC7F-47C5-AFAB-FD29DA8F9127}.Release|x64.ActiveCfg = Release|Any CPU
		{6E88F783-CC7F-47C5-AFAB-FD29DA8F9127}.Release|x64.Build.0 = Release|Any CPU
		{6E88F783-CC7F-47C5-AFAB-FD29DA8F9127}.Release|x86.ActiveCfg = Release|Any CPU
		{6E88F783-CC7F-47C5-AFAB-FD29DA8F9127}.Release|x86.Build.0 = Release|Any CPU
		{404BA77B-CEA6-4E87-9D97-1D4CDADECE8F}.Debug|Any CPU.ActiveCfg = Debug|Any CPU
		{404BA77B-CEA6-4E87-9D97-1D4CDADECE8F}.Debug|Any CPU.Build.0 = Debug|Any CPU
		{404BA77B-CEA6-4E87-9D97-1D4CDADECE8F}.Debug|x64.ActiveCfg = Debug|Any CPU
		{404BA77B-CEA6-4E87-9D97-1D4CDADECE8F}.Debug|x64.Build.0 = Debug|Any CPU
		{404BA77B-CEA6-4E87-9D97-1D4CDADECE8F}.Debug|x86.ActiveCfg = Debug|Any CPU
		{404BA77B-CEA6-4E87-9D97-1D4CDADECE8F}.Debug|x86.Build.0 = Debug|Any CPU
		{404BA77B-CEA6-4E87-9D97-1D4CDADECE8F}.Release|Any CPU.ActiveCfg = Release|Any CPU
		{404BA77B-CEA6-4E87-9D97-1D4CDADECE8F}.Release|Any CPU.Build.0 = Release|Any CPU
		{404BA77B-CEA6-4E87-9D97-1D4CDADECE8F}.Release|x64.ActiveCfg = Release|Any CPU
		{404BA77B-CEA6-4E87-9D97-1D4CDADECE8F}.Release|x64.Build.0 = Release|Any CPU
		{404BA77B-CEA6-4E87-9D97-1D4CDADECE8F}.Release|x86.ActiveCfg = Release|Any CPU
		{404BA77B-CEA6-4E87-9D97-1D4CDADECE8F}.Release|x86.Build.0 = Release|Any CPU
	EndGlobalSection
	GlobalSection(SolutionProperties) = preSolution
		HideSolutionNode = FALSE
	EndGlobalSection
	GlobalSection(NestedProjects) = preSolution
		{27DF9A79-7032-3600-016B-A3CF77739CC4} = {9B6CB266-A584-4BF6-A116-ECC6DACC8228}
		{A1B2C3D4-5678-90AB-CDEF-1234567890AB} = {9B6CB266-A584-4BF6-A116-ECC6DACC8228}
		{B2C3D4E5-6789-0ABC-DEF1-234567890ABC} = {9B6CB266-A584-4BF6-A116-ECC6DACC8228}
		{E5F6A7B8-C9D0-1234-5678-90ABCDEF1234} = {AB1B021E-18FC-421C-A60B-BC2A27ECEC36}
		{D7E8F9A0-B1C2-3456-7890-ABCDEF123456} = {AB1B021E-18FC-421C-A60B-BC2A27ECEC36}
		{F1E2D3C4-5678-9012-3456-7890ABCDEF12} = {9B6CB266-A584-4BF6-A116-ECC6DACC8228}
		{5A6A639A-5988-4DF5-B05B-873E6FC4F7B1} = {9B6CB266-A584-4BF6-A116-ECC6DACC8228}
		{6E88F783-CC7F-47C5-AFAB-FD29DA8F9127} = {9B6CB266-A584-4BF6-A116-ECC6DACC8228}
		{404BA77B-CEA6-4E87-9D97-1D4CDADECE8F} = {9B6CB266-A584-4BF6-A116-ECC6DACC8228}
	EndGlobalSection
	GlobalSection(ExtensibilityGlobals) = postSolution
		SolutionGuid = {2298A573-1066-4805-A90A-F81617EB2FFA}
	EndGlobalSection
EndGlobal
